
Microsoft Visual Studio Solution File, Format Version 12.00
# Visual Studio Version 17
VisualStudioVersion = 17.0.32014.148
MinimumVisualStudioVersion = 10.0.40219.1
Project("{FAE04EC0-301F-11D3-BF4B-00C04F79EFBC}") = "Paskaita 20 sql", "Paskaita 20 sql\Paskaita 20 sql.csproj", "{6E4872C6-107A-4034-BD91-8D1466EEFA36}"
EndProject
Global
	GlobalSection(SolutionConfigurationPlatforms) = preSolution
		Debug|Any CPU = Debug|Any CPU
		Release|Any CPU = Release|Any CPU
	EndGlobalSection
	GlobalSection(ProjectConfigurationPlatforms) = postSolution
		{6E4872C6-107A-4034-BD91-8D1466EEFA36}.Debug|Any CPU.ActiveCfg = Debug|Any CPU
		{6E4872C6-107A-4034-BD91-8D1466EEFA36}.Debug|Any CPU.Build.0 = Debug|Any CPU
		{6E4872C6-107A-4034-BD91-8D1466EEFA36}.Release|Any CPU.ActiveCfg = Release|Any CPU
		{6E4872C6-107A-4034-BD91-8D1466EEFA36}.Release|Any CPU.Build.0 = Release|Any CPU
	EndGlobalSection
	GlobalSection(SolutionProperties) = preSolution
		HideSolutionNode = FALSE
	EndGlobalSection
	GlobalSection(ExtensibilityGlobals) = postSolution
		SolutionGuid = {EC895286-5BDD-4165-A7D1-382C3F39F177}
	EndGlobalSection
EndGlobal
