
Microsoft Visual Studio Solution File, Format Version 12.00
# Visual Studio Version 17
VisualStudioVersion = 17.0.32014.148
MinimumVisualStudioVersion = 10.0.40219.1
Project("{FAE04EC0-301F-11D3-BF4B-00C04F79EFBC}") = "Paskaita 6.1", "Paskaita 6.1\Paskaita 6.1.csproj", "{7908B24E-552B-4029-B521-AD4E94AC94A6}"
EndProject
Global
	GlobalSection(SolutionConfigurationPlatforms) = preSolution
		Debug|Any CPU = Debug|Any CPU
		Release|Any CPU = Release|Any CPU
	EndGlobalSection
	GlobalSection(ProjectConfigurationPlatforms) = postSolution
		{7908B24E-552B-4029-B521-AD4E94AC94A6}.Debug|Any CPU.ActiveCfg = Debug|Any CPU
		{7908B24E-552B-4029-B521-AD4E94AC94A6}.Debug|Any CPU.Build.0 = Debug|Any CPU
		{7908B24E-552B-4029-B521-AD4E94AC94A6}.Release|Any CPU.ActiveCfg = Release|Any CPU
		{7908B24E-552B-4029-B521-AD4E94AC94A6}.Release|Any CPU.Build.0 = Release|Any CPU
	EndGlobalSection
	GlobalSection(SolutionProperties) = preSolution
		HideSolutionNode = FALSE
	EndGlobalSection
	GlobalSection(ExtensibilityGlobals) = postSolution
		SolutionGuid = {B9CC609F-185F-4638-8826-511BF871F282}
	EndGlobalSection
EndGlobal
