
Microsoft Visual Studio Solution File, Format Version 12.00
# Visual Studio Version 17
VisualStudioVersion = 17.0.32014.148
MinimumVisualStudioVersion = 10.0.40219.1
Project("{FAE04EC0-301F-11D3-BF4B-00C04F79EFBC}") = "Paskaita 14.1", "Paskaita 14.1\Paskaita 14.1.csproj", "{0D6B6427-C727-4D83-A2F7-AE7ECA3CA518}"
EndProject
Global
	GlobalSection(SolutionConfigurationPlatforms) = preSolution
		Debug|Any CPU = Debug|Any CPU
		Release|Any CPU = Release|Any CPU
	EndGlobalSection
	GlobalSection(ProjectConfigurationPlatforms) = postSolution
		{0D6B6427-C727-4D83-A2F7-AE7ECA3CA518}.Debug|Any CPU.ActiveCfg = Debug|Any CPU
		{0D6B6427-C727-4D83-A2F7-AE7ECA3CA518}.Debug|Any CPU.Build.0 = Debug|Any CPU
		{0D6B6427-C727-4D83-A2F7-AE7ECA3CA518}.Release|Any CPU.ActiveCfg = Release|Any CPU
		{0D6B6427-C727-4D83-A2F7-AE7ECA3CA518}.Release|Any CPU.Build.0 = Release|Any CPU
	EndGlobalSection
	GlobalSection(SolutionProperties) = preSolution
		HideSolutionNode = FALSE
	EndGlobalSection
	GlobalSection(ExtensibilityGlobals) = postSolution
		SolutionGuid = {152A371C-861F-4991-8569-1FECF18FF68D}
	EndGlobalSection
EndGlobal
