
Microsoft Visual Studio Solution File, Format Version 12.00
# Visual Studio Version 17
VisualStudioVersion = 17.0.32014.148
MinimumVisualStudioVersion = 10.0.40219.1
Project("{FAE04EC0-301F-11D3-BF4B-00C04F79EFBC}") = "Paskaita 18.1", "Paskaita 18.1\Paskaita 18.1.csproj", "{CCFE75D9-1193-467E-82A1-5FAEBE367655}"
EndProject
Global
	GlobalSection(SolutionConfigurationPlatforms) = preSolution
		Debug|Any CPU = Debug|Any CPU
		Release|Any CPU = Release|Any CPU
	EndGlobalSection
	GlobalSection(ProjectConfigurationPlatforms) = postSolution
		{CCFE75D9-1193-467E-82A1-5FAEBE367655}.Debug|Any CPU.ActiveCfg = Debug|Any CPU
		{CCFE75D9-1193-467E-82A1-5FAEBE367655}.Debug|Any CPU.Build.0 = Debug|Any CPU
		{CCFE75D9-1193-467E-82A1-5FAEBE367655}.Release|Any CPU.ActiveCfg = Release|Any CPU
		{CCFE75D9-1193-467E-82A1-5FAEBE367655}.Release|Any CPU.Build.0 = Release|Any CPU
	EndGlobalSection
	GlobalSection(SolutionProperties) = preSolution
		HideSolutionNode = FALSE
	EndGlobalSection
	GlobalSection(ExtensibilityGlobals) = postSolution
		SolutionGuid = {FBB32F42-045E-4FFD-8931-09FB626B5C8D}
	EndGlobalSection
EndGlobal
