
Microsoft Visual Studio Solution File, Format Version 12.00
# Visual Studio Version 17
VisualStudioVersion = 17.0.32014.148
MinimumVisualStudioVersion = 10.0.40219.1
Project("{FAE04EC0-301F-11D3-BF4B-00C04F79EFBC}") = "Paskaita 5.1", "Paskaita 5.1\Paskaita 5.1.csproj", "{4EC879AA-D6B0-4F74-B010-AFC24258E286}"
EndProject
Global
	GlobalSection(SolutionConfigurationPlatforms) = preSolution
		Debug|Any CPU = Debug|Any CPU
		Release|Any CPU = Release|Any CPU
	EndGlobalSection
	GlobalSection(ProjectConfigurationPlatforms) = postSolution
		{4EC879AA-D6B0-4F74-B010-AFC24258E286}.Debug|Any CPU.ActiveCfg = Debug|Any CPU
		{4EC879AA-D6B0-4F74-B010-AFC24258E286}.Debug|Any CPU.Build.0 = Debug|Any CPU
		{4EC879AA-D6B0-4F74-B010-AFC24258E286}.Release|Any CPU.ActiveCfg = Release|Any CPU
		{4EC879AA-D6B0-4F74-B010-AFC24258E286}.Release|Any CPU.Build.0 = Release|Any CPU
	EndGlobalSection
	GlobalSection(SolutionProperties) = preSolution
		HideSolutionNode = FALSE
	EndGlobalSection
	GlobalSection(ExtensibilityGlobals) = postSolution
		SolutionGuid = {3E8A80AC-8ACF-4C68-8C0A-D5CE7A60297A}
	EndGlobalSection
EndGlobal
