
Microsoft Visual Studio Solution File, Format Version 12.00
# Visual Studio Version 17
VisualStudioVersion = 17.0.32014.148
MinimumVisualStudioVersion = 10.0.40219.1
Project("{FAE04EC0-301F-11D3-BF4B-00C04F79EFBC}") = "Kortos", "Kortos\Kortos.csproj", "{303DAC85-AF83-4E28-B7AB-82F7A20278CC}"
EndProject
Global
	GlobalSection(SolutionConfigurationPlatforms) = preSolution
		Debug|Any CPU = Debug|Any CPU
		Release|Any CPU = Release|Any CPU
	EndGlobalSection
	GlobalSection(ProjectConfigurationPlatforms) = postSolution
		{303DAC85-AF83-4E28-B7AB-82F7A20278CC}.Debug|Any CPU.ActiveCfg = Debug|Any CPU
		{303DAC85-AF83-4E28-B7AB-82F7A20278CC}.Debug|Any CPU.Build.0 = Debug|Any CPU
		{303DAC85-AF83-4E28-B7AB-82F7A20278CC}.Release|Any CPU.ActiveCfg = Release|Any CPU
		{303DAC85-AF83-4E28-B7AB-82F7A20278CC}.Release|Any CPU.Build.0 = Release|Any CPU
	EndGlobalSection
	GlobalSection(SolutionProperties) = preSolution
		HideSolutionNode = FALSE
	EndGlobalSection
	GlobalSection(ExtensibilityGlobals) = postSolution
		SolutionGuid = {B0C683EC-3288-4A37-9A01-5BD09097000A}
	EndGlobalSection
EndGlobal
