
Microsoft Visual Studio Solution File, Format Version 12.00
# Visual Studio Version 17
VisualStudioVersion = 17.0.32014.148
MinimumVisualStudioVersion = 10.0.40219.1
Project("{FAE04EC0-301F-11D3-BF4B-00C04F79EFBC}") = "Paskaita 21", "Paskaita 21\Paskaita 21.csproj", "{F16951CB-42F5-4177-AFE2-C5C2B35012AD}"
EndProject
Global
	GlobalSection(SolutionConfigurationPlatforms) = preSolution
		Debug|Any CPU = Debug|Any CPU
		Release|Any CPU = Release|Any CPU
	EndGlobalSection
	GlobalSection(ProjectConfigurationPlatforms) = postSolution
		{F16951CB-42F5-4177-AFE2-C5C2B35012AD}.Debug|Any CPU.ActiveCfg = Debug|Any CPU
		{F16951CB-42F5-4177-AFE2-C5C2B35012AD}.Debug|Any CPU.Build.0 = Debug|Any CPU
		{F16951CB-42F5-4177-AFE2-C5C2B35012AD}.Release|Any CPU.ActiveCfg = Release|Any CPU
		{F16951CB-42F5-4177-AFE2-C5C2B35012AD}.Release|Any CPU.Build.0 = Release|Any CPU
	EndGlobalSection
	GlobalSection(SolutionProperties) = preSolution
		HideSolutionNode = FALSE
	EndGlobalSection
	GlobalSection(ExtensibilityGlobals) = postSolution
		SolutionGuid = {624B06F7-6011-48F4-900F-1E5ECD00734B}
	EndGlobalSection
EndGlobal
