
Microsoft Visual Studio Solution File, Format Version 12.00
# Visual Studio Version 17
VisualStudioVersion = 17.0.32014.148
MinimumVisualStudioVersion = 10.0.40219.1
Project("{FAE04EC0-301F-11D3-BF4B-00C04F79EFBC}") = "Paskaita 15", "Paskaita 15\Paskaita 15.csproj", "{CA19F454-B19B-4238-A2B9-7574AD8C0078}"
EndProject
Global
	GlobalSection(SolutionConfigurationPlatforms) = preSolution
		Debug|Any CPU = Debug|Any CPU
		Release|Any CPU = Release|Any CPU
	EndGlobalSection
	GlobalSection(ProjectConfigurationPlatforms) = postSolution
		{CA19F454-B19B-4238-A2B9-7574AD8C0078}.Debug|Any CPU.ActiveCfg = Debug|Any CPU
		{CA19F454-B19B-4238-A2B9-7574AD8C0078}.Debug|Any CPU.Build.0 = Debug|Any CPU
		{CA19F454-B19B-4238-A2B9-7574AD8C0078}.Release|Any CPU.ActiveCfg = Release|Any CPU
		{CA19F454-B19B-4238-A2B9-7574AD8C0078}.Release|Any CPU.Build.0 = Release|Any CPU
	EndGlobalSection
	GlobalSection(SolutionProperties) = preSolution
		HideSolutionNode = FALSE
	EndGlobalSection
	GlobalSection(ExtensibilityGlobals) = postSolution
		SolutionGuid = {833E465E-B395-48DE-8C4E-A1A0A5CBA8AD}
	EndGlobalSection
EndGlobal
